
Microsoft Visual Studio Solution File, Format Version 12.00
# Visual Studio Version 17
VisualStudioVersion = 17.8.34525.116
MinimumVisualStudioVersion = 10.0.40219.1
Project("{FAE04EC0-301F-11D3-BF4B-00C04F79EFBC}") = "HSX.Client", "HSX.Client\HSX.Client.csproj", "{FF2CE170-D092-41E7-B37A-D02F894FFD8C}"
EndProject
Project("{FAE04EC0-301F-11D3-BF4B-00C04F79EFBC}") = "HSX.API", "HSX.API\HSX.API.csproj", "{02895A17-E93A-4E1A-9CA7-7E1BBE955A10}"
EndProject
Project("{FAE04EC0-301F-11D3-BF4B-00C04F79EFBC}") = "HSX.Core", "HSX.Core\HSX.Core.csproj", "{87D2F6A3-00D0-4628-AE13-EA76DE0ACFDD}"
EndProject
Project("{FAE04EC0-301F-11D3-BF4B-00C04F79EFBC}") = "HSX.Infrastructure", "HSX.Infrastructure\HSX.Infrastructure.csproj", "{22D72D28-2FAF-4EF2-AEA2-0B88B8959586}"
EndProject
Project("{FAE04EC0-301F-11D3-BF4B-00C04F79EFBC}") = "HSX.Application", "HSX.Application\HSX.Application.csproj", "{988EAFA6-44F4-4B5B-B6FE-9E57D163B47D}"
EndProject
Global
	GlobalSection(SolutionConfigurationPlatforms) = preSolution
		Debug|Any CPU = Debug|Any CPU
		Release|Any CPU = Release|Any CPU
	EndGlobalSection
	GlobalSection(ProjectConfigurationPlatforms) = postSolution
		{FF2CE170-D092-41E7-B37A-D02F894FFD8C}.Debug|Any CPU.ActiveCfg = Debug|Any CPU
		{FF2CE170-D092-41E7-B37A-D02F894FFD8C}.Debug|Any CPU.Build.0 = Debug|Any CPU
		{FF2CE170-D092-41E7-B37A-D02F894FFD8C}.Release|Any CPU.ActiveCfg = Release|Any CPU
		{FF2CE170-D092-41E7-B37A-D02F894FFD8C}.Release|Any CPU.Build.0 = Release|Any CPU
		{02895A17-E93A-4E1A-9CA7-7E1BBE955A10}.Debug|Any CPU.ActiveCfg = Debug|Any CPU
		{02895A17-E93A-4E1A-9CA7-7E1BBE955A10}.Debug|Any CPU.Build.0 = Debug|Any CPU
		{02895A17-E93A-4E1A-9CA7-7E1BBE955A10}.Release|Any CPU.ActiveCfg = Release|Any CPU
		{02895A17-E93A-4E1A-9CA7-7E1BBE955A10}.Release|Any CPU.Build.0 = Release|Any CPU
		{87D2F6A3-00D0-4628-AE13-EA76DE0ACFDD}.Debug|Any CPU.ActiveCfg = Debug|Any CPU
		{87D2F6A3-00D0-4628-AE13-EA76DE0ACFDD}.Debug|Any CPU.Build.0 = Debug|Any CPU
		{87D2F6A3-00D0-4628-AE13-EA76DE0ACFDD}.Release|Any CPU.ActiveCfg = Release|Any CPU
		{87D2F6A3-00D0-4628-AE13-EA76DE0ACFDD}.Release|Any CPU.Build.0 = Release|Any CPU
		{22D72D28-2FAF-4EF2-AEA2-0B88B8959586}.Debug|Any CPU.ActiveCfg = Debug|Any CPU
		{22D72D28-2FAF-4EF2-AEA2-0B88B8959586}.Debug|Any CPU.Build.0 = Debug|Any CPU
		{22D72D28-2FAF-4EF2-AEA2-0B88B8959586}.Release|Any CPU.ActiveCfg = Release|Any CPU
		{22D72D28-2FAF-4EF2-AEA2-0B88B8959586}.Release|Any CPU.Build.0 = Release|Any CPU
		{988EAFA6-44F4-4B5B-B6FE-9E57D163B47D}.Debug|Any CPU.ActiveCfg = Debug|Any CPU
		{988EAFA6-44F4-4B5B-B6FE-9E57D163B47D}.Debug|Any CPU.Build.0 = Debug|Any CPU
		{988EAFA6-44F4-4B5B-B6FE-9E57D163B47D}.Release|Any CPU.ActiveCfg = Release|Any CPU
		{988EAFA6-44F4-4B5B-B6FE-9E57D163B47D}.Release|Any CPU.Build.0 = Release|Any CPU
	EndGlobalSection
	GlobalSection(SolutionProperties) = preSolution
		HideSolutionNode = FALSE
	EndGlobalSection
	GlobalSection(ExtensibilityGlobals) = postSolution
		SolutionGuid = {0AE7566C-AB78-433B-8F77-68FAD12088B0}
	EndGlobalSection
EndGlobal
